
Microsoft Visual Studio Solution File, Format Version 12.00
# Visual Studio 15
VisualStudioVersion = 15.0.27703.2026
MinimumVisualStudioVersion = 10.0.40219.1
Project("{2150E333-8FDC-42A3-9474-1A3956D46DE8}") = "Data", "Data", "{D5E23065-C41E-4DE6-8E46-25F3AC73518E}"
EndProject
Project("{2150E333-8FDC-42A3-9474-1A3956D46DE8}") = "BackEnd", "BackEnd", "{D5B4DB46-17AD-427E-998D-89A0C958524D}"
EndProject
Project("{2150E333-8FDC-42A3-9474-1A3956D46DE8}") = "FrontEnd", "FrontEnd", "{DCC7F823-CFC9-4CF5-BA14-B7E5A0B685A5}"
EndProject
Project("{FAE04EC0-301F-11D3-BF4B-00C04F79EFBC}") = "PokemonDataStore", "Data\PokemonDataStore.csproj", "{8D7685DC-67CA-4E61-B047-09DBE831A05C}"
EndProject
Project("{FAE04EC0-301F-11D3-BF4B-00C04F79EFBC}") = "PokemonBackEnd", "BackEnd\PokemonBackEnd\PokemonBackEnd.csproj", "{2D2A87B9-9E6C-4BD3-9D2B-C0D8DDA36F4D}"
EndProject
Project("{2150E333-8FDC-42A3-9474-1A3956D46DE8}") = "Tests", "Tests", "{83677D8C-BC0C-4EB8-B04B-7663F4270371}"
EndProject
Project("{2150E333-8FDC-42A3-9474-1A3956D46DE8}") = "BackEndTests", "BackEndTests", "{A8C019D2-10F7-4CA0-90E5-3F5B29122527}"
EndProject
Project("{FAE04EC0-301F-11D3-BF4B-00C04F79EFBC}") = "PokemonClient", "FrontEnd\PokemonFrontEnd\PokemonClient.csproj", "{A75F96F0-8E32-4709-81EE-9A4BC7D8B6B7}"
EndProject
Project("{2150E333-8FDC-42A3-9474-1A3956D46DE8}") = "FrontEndTests", "FrontEndTests", "{5D2BCB45-7037-4688-A3D7-309F171FB9D3}"
EndProject
Project("{FAE04EC0-301F-11D3-BF4B-00C04F79EFBC}") = "FrontEndTests", "Tests\FrontEndTests\FrontEndTests.csproj", "{F083617B-EBA5-48AC-9483-E6503172C42F}"
EndProject
Project("{2150E333-8FDC-42A3-9474-1A3956D46DE8}") = "Shared", "Shared", "{32EFBA13-F9AD-4962-BDB6-BAC7C5DE148E}"
EndProject
Project("{FAE04EC0-301F-11D3-BF4B-00C04F79EFBC}") = "PokemonResources", "FrontEnd\PokemonResources\PokemonResources.csproj", "{5D16BF07-2C9B-47C5-A60D-B3C9DA97B621}"
EndProject
Project("{FAE04EC0-301F-11D3-BF4B-00C04F79EFBC}") = "Models", "Shared\Models\Models.csproj", "{2897F0C0-3648-4799-913C-8AEFD74AE461}"
EndProject
Project("{FAE04EC0-301F-11D3-BF4B-00C04F79EFBC}") = "BackEndTests", "Tests\BackEndTests\BackEndTests.csproj", "{24B8CBB7-E3BF-40B5-91BB-5904FBAA9F40}"
EndProject
Global
	GlobalSection(SolutionConfigurationPlatforms) = preSolution
		Debug|Any CPU = Debug|Any CPU
		Release|Any CPU = Release|Any CPU
	EndGlobalSection
	GlobalSection(ProjectConfigurationPlatforms) = postSolution
		{8D7685DC-67CA-4E61-B047-09DBE831A05C}.Debug|Any CPU.ActiveCfg = Debug|Any CPU
		{8D7685DC-67CA-4E61-B047-09DBE831A05C}.Debug|Any CPU.Build.0 = Debug|Any CPU
		{8D7685DC-67CA-4E61-B047-09DBE831A05C}.Release|Any CPU.ActiveCfg = Release|Any CPU
		{8D7685DC-67CA-4E61-B047-09DBE831A05C}.Release|Any CPU.Build.0 = Release|Any CPU
		{2D2A87B9-9E6C-4BD3-9D2B-C0D8DDA36F4D}.Debug|Any CPU.ActiveCfg = Debug|Any CPU
		{2D2A87B9-9E6C-4BD3-9D2B-C0D8DDA36F4D}.Debug|Any CPU.Build.0 = Debug|Any CPU
		{2D2A87B9-9E6C-4BD3-9D2B-C0D8DDA36F4D}.Release|Any CPU.ActiveCfg = Release|Any CPU
		{2D2A87B9-9E6C-4BD3-9D2B-C0D8DDA36F4D}.Release|Any CPU.Build.0 = Release|Any CPU
		{A75F96F0-8E32-4709-81EE-9A4BC7D8B6B7}.Debug|Any CPU.ActiveCfg = Debug|Any CPU
		{A75F96F0-8E32-4709-81EE-9A4BC7D8B6B7}.Debug|Any CPU.Build.0 = Debug|Any CPU
		{A75F96F0-8E32-4709-81EE-9A4BC7D8B6B7}.Release|Any CPU.ActiveCfg = Release|Any CPU
		{A75F96F0-8E32-4709-81EE-9A4BC7D8B6B7}.Release|Any CPU.Build.0 = Release|Any CPU
		{F083617B-EBA5-48AC-9483-E6503172C42F}.Debug|Any CPU.ActiveCfg = Debug|Any CPU
		{F083617B-EBA5-48AC-9483-E6503172C42F}.Debug|Any CPU.Build.0 = Debug|Any CPU
		{F083617B-EBA5-48AC-9483-E6503172C42F}.Release|Any CPU.ActiveCfg = Release|Any CPU
		{F083617B-EBA5-48AC-9483-E6503172C42F}.Release|Any CPU.Build.0 = Release|Any CPU
		{5D16BF07-2C9B-47C5-A60D-B3C9DA97B621}.Debug|Any CPU.ActiveCfg = Debug|Any CPU
		{5D16BF07-2C9B-47C5-A60D-B3C9DA97B621}.Debug|Any CPU.Build.0 = Debug|Any CPU
		{5D16BF07-2C9B-47C5-A60D-B3C9DA97B621}.Release|Any CPU.ActiveCfg = Release|Any CPU
		{5D16BF07-2C9B-47C5-A60D-B3C9DA97B621}.Release|Any CPU.Build.0 = Release|Any CPU
		{2897F0C0-3648-4799-913C-8AEFD74AE461}.Debug|Any CPU.ActiveCfg = Debug|Any CPU
		{2897F0C0-3648-4799-913C-8AEFD74AE461}.Debug|Any CPU.Build.0 = Debug|Any CPU
		{2897F0C0-3648-4799-913C-8AEFD74AE461}.Release|Any CPU.ActiveCfg = Release|Any CPU
		{2897F0C0-3648-4799-913C-8AEFD74AE461}.Release|Any CPU.Build.0 = Release|Any CPU
		{24B8CBB7-E3BF-40B5-91BB-5904FBAA9F40}.Debug|Any CPU.ActiveCfg = Debug|Any CPU
		{24B8CBB7-E3BF-40B5-91BB-5904FBAA9F40}.Debug|Any CPU.Build.0 = Debug|Any CPU
		{24B8CBB7-E3BF-40B5-91BB-5904FBAA9F40}.Release|Any CPU.ActiveCfg = Release|Any CPU
		{24B8CBB7-E3BF-40B5-91BB-5904FBAA9F40}.Release|Any CPU.Build.0 = Release|Any CPU
	EndGlobalSection
	GlobalSection(SolutionProperties) = preSolution
		HideSolutionNode = FALSE
	EndGlobalSection
	GlobalSection(NestedProjects) = preSolution
		{8D7685DC-67CA-4E61-B047-09DBE831A05C} = {D5E23065-C41E-4DE6-8E46-25F3AC73518E}
		{2D2A87B9-9E6C-4BD3-9D2B-C0D8DDA36F4D} = {D5B4DB46-17AD-427E-998D-89A0C958524D}
		{A8C019D2-10F7-4CA0-90E5-3F5B29122527} = {83677D8C-BC0C-4EB8-B04B-7663F4270371}
		{A75F96F0-8E32-4709-81EE-9A4BC7D8B6B7} = {DCC7F823-CFC9-4CF5-BA14-B7E5A0B685A5}
		{5D2BCB45-7037-4688-A3D7-309F171FB9D3} = {83677D8C-BC0C-4EB8-B04B-7663F4270371}
		{F083617B-EBA5-48AC-9483-E6503172C42F} = {5D2BCB45-7037-4688-A3D7-309F171FB9D3}
		{5D16BF07-2C9B-47C5-A60D-B3C9DA97B621} = {DCC7F823-CFC9-4CF5-BA14-B7E5A0B685A5}
		{2897F0C0-3648-4799-913C-8AEFD74AE461} = {32EFBA13-F9AD-4962-BDB6-BAC7C5DE148E}
		{24B8CBB7-E3BF-40B5-91BB-5904FBAA9F40} = {A8C019D2-10F7-4CA0-90E5-3F5B29122527}
	EndGlobalSection
	GlobalSection(ExtensibilityGlobals) = postSolution
		SolutionGuid = {804BCE68-3778-4BC3-940F-2FEE1811EB56}
	EndGlobalSection
EndGlobal
